
Microsoft Visual Studio Solution File, Format Version 12.00
# Visual Studio 2013
VisualStudioVersion = 12.0.30501.0
MinimumVisualStudioVersion = 10.0.40219.1
Project("{FAE04EC0-301F-11D3-BF4B-00C04F79EFBC}") = "TweetBL", "TweetBL\TweetBL.csproj", "{E747D7A8-E718-41B2-AF76-A538452217DB}"
EndProject
Project("{FAE04EC0-301F-11D3-BF4B-00C04F79EFBC}") = "Tweet.WCFService.RESTful", "Tweet.WCFService.RESTful\Tweet.WCFService.RESTful.csproj", "{E8D322DD-16A5-4F36-9CD9-0E784228771F}"
	ProjectSection(ProjectDependencies) = postProject
		{E747D7A8-E718-41B2-AF76-A538452217DB} = {E747D7A8-E718-41B2-AF76-A538452217DB}
	EndProjectSection
EndProject
Global
	GlobalSection(SolutionConfigurationPlatforms) = preSolution
		Debug|Any CPU = Debug|Any CPU
		Release|Any CPU = Release|Any CPU
	EndGlobalSection
	GlobalSection(ProjectConfigurationPlatforms) = postSolution
		{E747D7A8-E718-41B2-AF76-A538452217DB}.Debug|Any CPU.ActiveCfg = Debug|Any CPU
		{E747D7A8-E718-41B2-AF76-A538452217DB}.Debug|Any CPU.Build.0 = Debug|Any CPU
		{E747D7A8-E718-41B2-AF76-A538452217DB}.Release|Any CPU.ActiveCfg = Release|Any CPU
		{E747D7A8-E718-41B2-AF76-A538452217DB}.Release|Any CPU.Build.0 = Release|Any CPU
		{E8D322DD-16A5-4F36-9CD9-0E784228771F}.Debug|Any CPU.ActiveCfg = Debug|Any CPU
		{E8D322DD-16A5-4F36-9CD9-0E784228771F}.Debug|Any CPU.Build.0 = Debug|Any CPU
		{E8D322DD-16A5-4F36-9CD9-0E784228771F}.Release|Any CPU.ActiveCfg = Release|Any CPU
		{E8D322DD-16A5-4F36-9CD9-0E784228771F}.Release|Any CPU.Build.0 = Release|Any CPU
	EndGlobalSection
	GlobalSection(SolutionProperties) = preSolution
		HideSolutionNode = FALSE
	EndGlobalSection
EndGlobal
